
Microsoft Visual Studio Solution File, Format Version 12.00
# Visual Studio Version 17
VisualStudioVersion = 17.10.34928.147
MinimumVisualStudioVersion = 10.0.40219.1
Project("{FAE04EC0-301F-11D3-BF4B-00C04F79EFBC}") = "WinFormsApp1", "WinFormsApp1.csproj", "{12A35E93-A3DA-4554-B3DD-16B3C3CEE4C4}"
EndProject
Global
	GlobalSection(SolutionConfigurationPlatforms) = preSolution
		Debug|Any CPU = Debug|Any CPU
		Release|Any CPU = Release|Any CPU
	EndGlobalSection
	GlobalSection(ProjectConfigurationPlatforms) = postSolution
		{12A35E93-A3DA-4554-B3DD-16B3C3CEE4C4}.Debug|Any CPU.ActiveCfg = Debug|Any CPU
		{12A35E93-A3DA-4554-B3DD-16B3C3CEE4C4}.Debug|Any CPU.Build.0 = Debug|Any CPU
		{12A35E93-A3DA-4554-B3DD-16B3C3CEE4C4}.Release|Any CPU.ActiveCfg = Release|Any CPU
		{12A35E93-A3DA-4554-B3DD-16B3C3CEE4C4}.Release|Any CPU.Build.0 = Release|Any CPU
	EndGlobalSection
	GlobalSection(SolutionProperties) = preSolution
		HideSolutionNode = FALSE
	EndGlobalSection
	GlobalSection(ExtensibilityGlobals) = postSolution
		SolutionGuid = {01BB6E64-02AE-4409-B2E3-FE1E10815C74}
	EndGlobalSection
EndGlobal
