
Microsoft Visual Studio Solution File, Format Version 12.00
# Visual Studio Version 17
VisualStudioVersion = 17.10.34928.147
MinimumVisualStudioVersion = 10.0.40219.1
Project("{FAE04EC0-301F-11D3-BF4B-00C04F79EFBC}") = "ConsoleApp1", "ConsoleApp1.csproj", "{1687A605-9638-4080-ABC7-EC93E3198B37}"
EndProject
Global
	GlobalSection(SolutionConfigurationPlatforms) = preSolution
		Debug|Any CPU = Debug|Any CPU
		Release|Any CPU = Release|Any CPU
	EndGlobalSection
	GlobalSection(ProjectConfigurationPlatforms) = postSolution
		{1687A605-9638-4080-ABC7-EC93E3198B37}.Debug|Any CPU.ActiveCfg = Debug|Any CPU
		{1687A605-9638-4080-ABC7-EC93E3198B37}.Debug|Any CPU.Build.0 = Debug|Any CPU
		{1687A605-9638-4080-ABC7-EC93E3198B37}.Release|Any CPU.ActiveCfg = Release|Any CPU
		{1687A605-9638-4080-ABC7-EC93E3198B37}.Release|Any CPU.Build.0 = Release|Any CPU
	EndGlobalSection
	GlobalSection(SolutionProperties) = preSolution
		HideSolutionNode = FALSE
	EndGlobalSection
	GlobalSection(ExtensibilityGlobals) = postSolution
		SolutionGuid = {5F94C42C-DAFD-4ABB-AFA7-827F06EBF360}
	EndGlobalSection
EndGlobal
